// !$*UTF8*$!
{
	archiveVersion = 1;
	classes = {
	};
	objectVersion = 46;
	objects = {

/* Begin PBXBuildFile section */
		1727B5BD1FD78F0400C31020 /* SFFormSection.m in Sources */ = {isa = PBXBuildFile; fileRef = 1727B5831FD78F0400C31020 /* SFFormSection.m */; };
		1727B5BE1FD78F0400C31020 /* SFFormItem.m in Sources */ = {isa = PBXBuildFile; fileRef = 1727B5841FD78F0400C31020 /* SFFormItem.m */; };
		1727B5BF1FD78F0400C31020 /* SFFormTextFieldComponent.m in Sources */ = {isa = PBXBuildFile; fileRef = 1727B5861FD78F0400C31020 /* SFFormTextFieldComponent.m */; };
		1727B5C01FD78F0400C31020 /* SFFormViewComponent.m in Sources */ = {isa = PBXBuildFile; fileRef = 1727B5871FD78F0400C31020 /* SFFormViewComponent.m */; };
		1727B5C11FD78F0400C31020 /* SFFormButtonComponent.m in Sources */ = {isa = PBXBuildFile; fileRef = 1727B5881FD78F0400C31020 /* SFFormButtonComponent.m */; };
		1727B5C21FD78F0400C31020 /* UIView+SFAddComponent.m in Sources */ = {isa = PBXBuildFile; fileRef = 1727B58B1FD78F0400C31020 /* UIView+SFAddComponent.m */; };
		1727B5C41FD78F0400C31020 /* SFFormControlComponent.m in Sources */ = {isa = PBXBuildFile; fileRef = 1727B5951FD78F0400C31020 /* SFFormControlComponent.m */; };
		1727B5C51FD78F0400C31020 /* SFFormImageViewComponent.m in Sources */ = {isa = PBXBuildFile; fileRef = 1727B5961FD78F0400C31020 /* SFFormImageViewComponent.m */; };
		1727B5C61FD78F0400C31020 /* SFFormLabelComponent.m in Sources */ = {isa = PBXBuildFile; fileRef = 1727B5971FD78F0400C31020 /* SFFormLabelComponent.m */; };
		1727B5C71FD78F0400C31020 /* SFFormYYLabelComponent.m in Sources */ = {isa = PBXBuildFile; fileRef = 1727B5981FD78F0400C31020 /* SFFormYYLabelComponent.m */; };
		1727B5C81FD78F0400C31020 /* SFFormManager.m in Sources */ = {isa = PBXBuildFile; fileRef = 1727B5991FD78F0400C31020 /* SFFormManager.m */; };
		1727B5C91FD78F0400C31020 /* NSObject+SFAddForm.m in Sources */ = {isa = PBXBuildFile; fileRef = 1727B59A1FD78F0400C31020 /* NSObject+SFAddForm.m */; };
		1727B5CA1FD78F0400C31020 /* SFFormTableItem.m in Sources */ = {isa = PBXBuildFile; fileRef = 1727B5A51FD78F0400C31020 /* SFFormTableItem.m */; };
		1727B5CB1FD78F0400C31020 /* SFFormTableAssemblyItem.m in Sources */ = {isa = PBXBuildFile; fileRef = 1727B5A71FD78F0400C31020 /* SFFormTableAssemblyItem.m */; };
		1727B5CC1FD78F0400C31020 /* SFFormTableAssemblyCell.m in Sources */ = {isa = PBXBuildFile; fileRef = 1727B5A81FD78F0400C31020 /* SFFormTableAssemblyCell.m */; };
		1727B5CD1FD78F0400C31020 /* SFFormAssemblyNormalLayout.m in Sources */ = {isa = PBXBuildFile; fileRef = 1727B5AA1FD78F0400C31020 /* SFFormAssemblyNormalLayout.m */; };
		1727B5CE1FD78F0400C31020 /* SFFormTableNormalItem.m in Sources */ = {isa = PBXBuildFile; fileRef = 1727B5AE1FD78F0400C31020 /* SFFormTableNormalItem.m */; };
		1727B5CF1FD78F0400C31020 /* SFFormTableHeaderFooterView.m in Sources */ = {isa = PBXBuildFile; fileRef = 1727B5B31FD78F0400C31020 /* SFFormTableHeaderFooterView.m */; };
		1727B5D01FD78F0400C31020 /* UITableViewHeaderFooterView+SFAddForm.m in Sources */ = {isa = PBXBuildFile; fileRef = 1727B5B61FD78F0400C31020 /* UITableViewHeaderFooterView+SFAddForm.m */; };
		1727B5D11FD78F0400C31020 /* UITableView+SFAddForm.m in Sources */ = {isa = PBXBuildFile; fileRef = 1727B5B71FD78F0400C31020 /* UITableView+SFAddForm.m */; };
		1727B5D21FD78F0400C31020 /* UITableViewCell+SFAddForm.m in Sources */ = {isa = PBXBuildFile; fileRef = 1727B5B81FD78F0400C31020 /* UITableViewCell+SFAddForm.m */; };
		1727B5D31FD78F0400C31020 /* SFFormTableManager.m in Sources */ = {isa = PBXBuildFile; fileRef = 1727B5BA1FD78F0400C31020 /* SFFormTableManager.m */; };
		1727B5D41FD78F0400C31020 /* SFFormTableSection.m in Sources */ = {isa = PBXBuildFile; fileRef = 1727B5BC1FD78F0400C31020 /* SFFormTableSection.m */; };
		1727B5D71FD7914A00C31020 /* UITableView+SFAdd.m in Sources */ = {isa = PBXBuildFile; fileRef = 1727B5D61FD7914A00C31020 /* UITableView+SFAdd.m */; };
		1727B5E51FD791A600C31020 /* LICENSE in Resources */ = {isa = PBXBuildFile; fileRef = 1727B5DA1FD791A600C31020 /* LICENSE */; };
		1727B5E61FD791A600C31020 /* UITableView+FDTemplateLayoutCell.m in Sources */ = {isa = PBXBuildFile; fileRef = 1727B5DE1FD791A600C31020 /* UITableView+FDTemplateLayoutCell.m */; };
		1727B5E71FD791A600C31020 /* UITableView+FDKeyedHeightCache.m in Sources */ = {isa = PBXBuildFile; fileRef = 1727B5E01FD791A600C31020 /* UITableView+FDKeyedHeightCache.m */; };
		1727B5E81FD791A600C31020 /* UITableView+FDTemplateLayoutCellDebug.m in Sources */ = {isa = PBXBuildFile; fileRef = 1727B5E11FD791A600C31020 /* UITableView+FDTemplateLayoutCellDebug.m */; };
		1727B5E91FD791A600C31020 /* UITableView+FDIndexPathHeightCache.m in Sources */ = {isa = PBXBuildFile; fileRef = 1727B5E21FD791A600C31020 /* UITableView+FDIndexPathHeightCache.m */; };
		1727B5EA1FD791A600C31020 /* README.md in Resources */ = {isa = PBXBuildFile; fileRef = 1727B5E41FD791A600C31020 /* README.md */; };
		1727B5ED1FD7925D00C31020 /* SFMultipleDelegate.m in Sources */ = {isa = PBXBuildFile; fileRef = 1727B5EB1FD7925D00C31020 /* SFMultipleDelegate.m */; };
		1786AFED1F99E3BD0053E0FC /* main.m in Sources */ = {isa = PBXBuildFile; fileRef = 1786AFEC1F99E3BD0053E0FC /* main.m */; };
		1786AFF01F99E3BD0053E0FC /* AppDelegate.m in Sources */ = {isa = PBXBuildFile; fileRef = 1786AFEF1F99E3BD0053E0FC /* AppDelegate.m */; };
		1786AFF61F99E3BD0053E0FC /* Main.storyboard in Resources */ = {isa = PBXBuildFile; fileRef = 1786AFF41F99E3BD0053E0FC /* Main.storyboard */; };
		1786AFF81F99E3BD0053E0FC /* Assets.xcassets in Resources */ = {isa = PBXBuildFile; fileRef = 1786AFF71F99E3BD0053E0FC /* Assets.xcassets */; };
		1786AFFB1F99E3BD0053E0FC /* LaunchScreen.storyboard in Resources */ = {isa = PBXBuildFile; fileRef = 1786AFF91F99E3BD0053E0FC /* LaunchScreen.storyboard */; };
		1786B0321F99E3EB0053E0FC /* ViewController.m in Sources */ = {isa = PBXBuildFile; fileRef = 1786B0221F99E3EB0053E0FC /* ViewController.m */; };
		8C417BA3F3617DDE80BD2C67 /* libPods-SFForm.a in Frameworks */ = {isa = PBXBuildFile; fileRef = EBCE5B63958235D874FB004E /* libPods-SFForm.a */; };
/* End PBXBuildFile section */

/* Begin PBXFileReference section */
		1727B5831FD78F0400C31020 /* SFFormSection.m */ = {isa = PBXFileReference; fileEncoding = 4; lastKnownFileType = sourcecode.c.objc; path = SFFormSection.m; sourceTree = "<group>"; };
		1727B5841FD78F0400C31020 /* SFFormItem.m */ = {isa = PBXFileReference; fileEncoding = 4; lastKnownFileType = sourcecode.c.objc; path = SFFormItem.m; sourceTree = "<group>"; };
		1727B5861FD78F0400C31020 /* SFFormTextFieldComponent.m */ = {isa = PBXFileReference; fileEncoding = 4; lastKnownFileType = sourcecode.c.objc; path = SFFormTextFieldComponent.m; sourceTree = "<group>"; };
		1727B5871FD78F0400C31020 /* SFFormViewComponent.m */ = {isa = PBXFileReference; fileEncoding = 4; lastKnownFileType = sourcecode.c.objc; path = SFFormViewComponent.m; sourceTree = "<group>"; };
		1727B5881FD78F0400C31020 /* SFFormButtonComponent.m */ = {isa = PBXFileReference; fileEncoding = 4; lastKnownFileType = sourcecode.c.objc; path = SFFormButtonComponent.m; sourceTree = "<group>"; };
		1727B5891FD78F0400C31020 /* SFFormAssemblyPartProtocol.h */ = {isa = PBXFileReference; fileEncoding = 4; lastKnownFileType = sourcecode.c.h; path = SFFormAssemblyPartProtocol.h; sourceTree = "<group>"; };
		1727B58A1FD78F0400C31020 /* SFFormControlComponent.h */ = {isa = PBXFileReference; fileEncoding = 4; lastKnownFileType = sourcecode.c.h; path = SFFormControlComponent.h; sourceTree = "<group>"; };
		1727B58B1FD78F0400C31020 /* UIView+SFAddComponent.m */ = {isa = PBXFileReference; fileEncoding = 4; lastKnownFileType = sourcecode.c.objc; path = "UIView+SFAddComponent.m"; sourceTree = "<group>"; };
		1727B58C1FD78F0400C31020 /* SFFormLabelComponent.h */ = {isa = PBXFileReference; fileEncoding = 4; lastKnownFileType = sourcecode.c.h; path = SFFormLabelComponent.h; sourceTree = "<group>"; };
		1727B58D1FD78F0400C31020 /* SFFormImageViewComponent.h */ = {isa = PBXFileReference; fileEncoding = 4; lastKnownFileType = sourcecode.c.h; path = SFFormImageViewComponent.h; sourceTree = "<group>"; };
		1727B58E1FD78F0400C31020 /* SFFormYYLabelComponent.h */ = {isa = PBXFileReference; fileEncoding = 4; lastKnownFileType = sourcecode.c.h; path = SFFormYYLabelComponent.h; sourceTree = "<group>"; };
		1727B5901FD78F0400C31020 /* SFFormViewComponent.h */ = {isa = PBXFileReference; fileEncoding = 4; lastKnownFileType = sourcecode.c.h; path = SFFormViewComponent.h; sourceTree = "<group>"; };
		1727B5911FD78F0400C31020 /* SFFormButtonComponent.h */ = {isa = PBXFileReference; fileEncoding = 4; lastKnownFileType = sourcecode.c.h; path = SFFormButtonComponent.h; sourceTree = "<group>"; };
		1727B5921FD78F0400C31020 /* SFFormTextFieldComponent.h */ = {isa = PBXFileReference; fileEncoding = 4; lastKnownFileType = sourcecode.c.h; path = SFFormTextFieldComponent.h; sourceTree = "<group>"; };
		1727B5931FD78F0400C31020 /* SFFormAssemblyLayoutProtocol.h */ = {isa = PBXFileReference; fileEncoding = 4; lastKnownFileType = sourcecode.c.h; path = SFFormAssemblyLayoutProtocol.h; sourceTree = "<group>"; };
		1727B5941FD78F0400C31020 /* UIView+SFAddComponent.h */ = {isa = PBXFileReference; fileEncoding = 4; lastKnownFileType = sourcecode.c.h; path = "UIView+SFAddComponent.h"; sourceTree = "<group>"; };
		1727B5951FD78F0400C31020 /* SFFormControlComponent.m */ = {isa = PBXFileReference; fileEncoding = 4; lastKnownFileType = sourcecode.c.objc; path = SFFormControlComponent.m; sourceTree = "<group>"; };
		1727B5961FD78F0400C31020 /* SFFormImageViewComponent.m */ = {isa = PBXFileReference; fileEncoding = 4; lastKnownFileType = sourcecode.c.objc; path = SFFormImageViewComponent.m; sourceTree = "<group>"; };
		1727B5971FD78F0400C31020 /* SFFormLabelComponent.m */ = {isa = PBXFileReference; fileEncoding = 4; lastKnownFileType = sourcecode.c.objc; path = SFFormLabelComponent.m; sourceTree = "<group>"; };
		1727B5981FD78F0400C31020 /* SFFormYYLabelComponent.m */ = {isa = PBXFileReference; fileEncoding = 4; lastKnownFileType = sourcecode.c.objc; path = SFFormYYLabelComponent.m; sourceTree = "<group>"; };
		1727B5991FD78F0400C31020 /* SFFormManager.m */ = {isa = PBXFileReference; fileEncoding = 4; lastKnownFileType = sourcecode.c.objc; path = SFFormManager.m; sourceTree = "<group>"; };
		1727B59A1FD78F0400C31020 /* NSObject+SFAddForm.m */ = {isa = PBXFileReference; fileEncoding = 4; lastKnownFileType = sourcecode.c.objc; path = "NSObject+SFAddForm.m"; sourceTree = "<group>"; };
		1727B59B1FD78F0400C31020 /* SFFormItem.h */ = {isa = PBXFileReference; fileEncoding = 4; lastKnownFileType = sourcecode.c.h; path = SFFormItem.h; sourceTree = "<group>"; };
		1727B59C1FD78F0400C31020 /* SFFormSection.h */ = {isa = PBXFileReference; fileEncoding = 4; lastKnownFileType = sourcecode.c.h; path = SFFormSection.h; sourceTree = "<group>"; };
		1727B59D1FD78F0400C31020 /* NSObject+SFAddForm.h */ = {isa = PBXFileReference; fileEncoding = 4; lastKnownFileType = sourcecode.c.h; path = "NSObject+SFAddForm.h"; sourceTree = "<group>"; };
		1727B59E1FD78F0400C31020 /* SFFormManager.h */ = {isa = PBXFileReference; fileEncoding = 4; lastKnownFileType = sourcecode.c.h; path = SFFormManager.h; sourceTree = "<group>"; };
		1727B59F1FD78F0400C31020 /* SFForm.h */ = {isa = PBXFileReference; fileEncoding = 4; lastKnownFileType = sourcecode.c.h; path = SFForm.h; sourceTree = "<group>"; };
		1727B5A21FD78F0400C31020 /* UITableViewCell+SFAddForm.h */ = {isa = PBXFileReference; fileEncoding = 4; lastKnownFileType = sourcecode.c.h; path = "UITableViewCell+SFAddForm.h"; sourceTree = "<group>"; };
		1727B5A31FD78F0400C31020 /* UITableView+SFAddForm.h */ = {isa = PBXFileReference; fileEncoding = 4; lastKnownFileType = sourcecode.c.h; path = "UITableView+SFAddForm.h"; sourceTree = "<group>"; };
		1727B5A41FD78F0400C31020 /* UITableViewHeaderFooterView+SFAddForm.h */ = {isa = PBXFileReference; fileEncoding = 4; lastKnownFileType = sourcecode.c.h; path = "UITableViewHeaderFooterView+SFAddForm.h"; sourceTree = "<group>"; };
		1727B5A51FD78F0400C31020 /* SFFormTableItem.m */ = {isa = PBXFileReference; fileEncoding = 4; lastKnownFileType = sourcecode.c.objc; path = SFFormTableItem.m; sourceTree = "<group>"; };
		1727B5A71FD78F0400C31020 /* SFFormTableAssemblyItem.m */ = {isa = PBXFileReference; fileEncoding = 4; lastKnownFileType = sourcecode.c.objc; path = SFFormTableAssemblyItem.m; sourceTree = "<group>"; };
		1727B5A81FD78F0400C31020 /* SFFormTableAssemblyCell.m */ = {isa = PBXFileReference; fileEncoding = 4; lastKnownFileType = sourcecode.c.objc; path = SFFormTableAssemblyCell.m; sourceTree = "<group>"; };
		1727B5AA1FD78F0400C31020 /* SFFormAssemblyNormalLayout.m */ = {isa = PBXFileReference; fileEncoding = 4; lastKnownFileType = sourcecode.c.objc; path = SFFormAssemblyNormalLayout.m; sourceTree = "<group>"; };
		1727B5AB1FD78F0400C31020 /* SFFormTableNormalItem.h */ = {isa = PBXFileReference; fileEncoding = 4; lastKnownFileType = sourcecode.c.h; path = SFFormTableNormalItem.h; sourceTree = "<group>"; };
		1727B5AC1FD78F0400C31020 /* SFFormAssemblyNormalProtocol.h */ = {isa = PBXFileReference; fileEncoding = 4; lastKnownFileType = sourcecode.c.h; path = SFFormAssemblyNormalProtocol.h; sourceTree = "<group>"; };
		1727B5AD1FD78F0400C31020 /* SFFormAssemblyNormalLayout.h */ = {isa = PBXFileReference; fileEncoding = 4; lastKnownFileType = sourcecode.c.h; path = SFFormAssemblyNormalLayout.h; sourceTree = "<group>"; };
		1727B5AE1FD78F0400C31020 /* SFFormTableNormalItem.m */ = {isa = PBXFileReference; fileEncoding = 4; lastKnownFileType = sourcecode.c.objc; path = SFFormTableNormalItem.m; sourceTree = "<group>"; };
		1727B5AF1FD78F0400C31020 /* SFFormTableAssemblyCell.h */ = {isa = PBXFileReference; fileEncoding = 4; lastKnownFileType = sourcecode.c.h; path = SFFormTableAssemblyCell.h; sourceTree = "<group>"; };
		1727B5B01FD78F0400C31020 /* SFFormTableAssemblyItem.h */ = {isa = PBXFileReference; fileEncoding = 4; lastKnownFileType = sourcecode.c.h; path = SFFormTableAssemblyItem.h; sourceTree = "<group>"; };
		1727B5B11FD78F0400C31020 /* SFFormTableManager.h */ = {isa = PBXFileReference; fileEncoding = 4; lastKnownFileType = sourcecode.c.h; path = SFFormTableManager.h; sourceTree = "<group>"; };
		1727B5B21FD78F0400C31020 /* SFFormTableSection.h */ = {isa = PBXFileReference; fileEncoding = 4; lastKnownFileType = sourcecode.c.h; path = SFFormTableSection.h; sourceTree = "<group>"; };
		1727B5B31FD78F0400C31020 /* SFFormTableHeaderFooterView.m */ = {isa = PBXFileReference; fileEncoding = 4; lastKnownFileType = sourcecode.c.objc; path = SFFormTableHeaderFooterView.m; sourceTree = "<group>"; };
		1727B5B61FD78F0400C31020 /* UITableViewHeaderFooterView+SFAddForm.m */ = {isa = PBXFileReference; fileEncoding = 4; lastKnownFileType = sourcecode.c.objc; path = "UITableViewHeaderFooterView+SFAddForm.m"; sourceTree = "<group>"; };
		1727B5B71FD78F0400C31020 /* UITableView+SFAddForm.m */ = {isa = PBXFileReference; fileEncoding = 4; lastKnownFileType = sourcecode.c.objc; path = "UITableView+SFAddForm.m"; sourceTree = "<group>"; };
		1727B5B81FD78F0400C31020 /* UITableViewCell+SFAddForm.m */ = {isa = PBXFileReference; fileEncoding = 4; lastKnownFileType = sourcecode.c.objc; path = "UITableViewCell+SFAddForm.m"; sourceTree = "<group>"; };
		1727B5B91FD78F0400C31020 /* SFFormTableItem.h */ = {isa = PBXFileReference; fileEncoding = 4; lastKnownFileType = sourcecode.c.h; path = SFFormTableItem.h; sourceTree = "<group>"; };
		1727B5BA1FD78F0400C31020 /* SFFormTableManager.m */ = {isa = PBXFileReference; fileEncoding = 4; lastKnownFileType = sourcecode.c.objc; path = SFFormTableManager.m; sourceTree = "<group>"; };
		1727B5BB1FD78F0400C31020 /* SFFormTableHeaderFooterView.h */ = {isa = PBXFileReference; fileEncoding = 4; lastKnownFileType = sourcecode.c.h; path = SFFormTableHeaderFooterView.h; sourceTree = "<group>"; };
		1727B5BC1FD78F0400C31020 /* SFFormTableSection.m */ = {isa = PBXFileReference; fileEncoding = 4; lastKnownFileType = sourcecode.c.objc; path = SFFormTableSection.m; sourceTree = "<group>"; };
		1727B5D51FD7914A00C31020 /* UITableView+SFAdd.h */ = {isa = PBXFileReference; fileEncoding = 4; lastKnownFileType = sourcecode.c.h; path = "UITableView+SFAdd.h"; sourceTree = "<group>"; };
		1727B5D61FD7914A00C31020 /* UITableView+SFAdd.m */ = {isa = PBXFileReference; fileEncoding = 4; lastKnownFileType = sourcecode.c.objc; path = "UITableView+SFAdd.m"; sourceTree = "<group>"; };
		1727B5DA1FD791A600C31020 /* LICENSE */ = {isa = PBXFileReference; fileEncoding = 4; lastKnownFileType = text; path = LICENSE; sourceTree = "<group>"; };
		1727B5DC1FD791A600C31020 /* UITableView+FDKeyedHeightCache.h */ = {isa = PBXFileReference; fileEncoding = 4; lastKnownFileType = sourcecode.c.h; path = "UITableView+FDKeyedHeightCache.h"; sourceTree = "<group>"; };
		1727B5DD1FD791A600C31020 /* UITableView+FDTemplateLayoutCellDebug.h */ = {isa = PBXFileReference; fileEncoding = 4; lastKnownFileType = sourcecode.c.h; path = "UITableView+FDTemplateLayoutCellDebug.h"; sourceTree = "<group>"; };
		1727B5DE1FD791A600C31020 /* UITableView+FDTemplateLayoutCell.m */ = {isa = PBXFileReference; fileEncoding = 4; lastKnownFileType = sourcecode.c.objc; path = "UITableView+FDTemplateLayoutCell.m"; sourceTree = "<group>"; };
		1727B5DF1FD791A600C31020 /* UITableView+FDIndexPathHeightCache.h */ = {isa = PBXFileReference; fileEncoding = 4; lastKnownFileType = sourcecode.c.h; path = "UITableView+FDIndexPathHeightCache.h"; sourceTree = "<group>"; };
		1727B5E01FD791A600C31020 /* UITableView+FDKeyedHeightCache.m */ = {isa = PBXFileReference; fileEncoding = 4; lastKnownFileType = sourcecode.c.objc; path = "UITableView+FDKeyedHeightCache.m"; sourceTree = "<group>"; };
		1727B5E11FD791A600C31020 /* UITableView+FDTemplateLayoutCellDebug.m */ = {isa = PBXFileReference; fileEncoding = 4; lastKnownFileType = sourcecode.c.objc; path = "UITableView+FDTemplateLayoutCellDebug.m"; sourceTree = "<group>"; };
		1727B5E21FD791A600C31020 /* UITableView+FDIndexPathHeightCache.m */ = {isa = PBXFileReference; fileEncoding = 4; lastKnownFileType = sourcecode.c.objc; path = "UITableView+FDIndexPathHeightCache.m"; sourceTree = "<group>"; };
		1727B5E31FD791A600C31020 /* UITableView+FDTemplateLayoutCell.h */ = {isa = PBXFileReference; fileEncoding = 4; lastKnownFileType = sourcecode.c.h; path = "UITableView+FDTemplateLayoutCell.h"; sourceTree = "<group>"; };
		1727B5E41FD791A600C31020 /* README.md */ = {isa = PBXFileReference; fileEncoding = 4; lastKnownFileType = net.daringfireball.markdown; path = README.md; sourceTree = "<group>"; };
		1727B5EB1FD7925D00C31020 /* SFMultipleDelegate.m */ = {isa = PBXFileReference; fileEncoding = 4; lastKnownFileType = sourcecode.c.objc; path = SFMultipleDelegate.m; sourceTree = "<group>"; };
		1727B5EC1FD7925D00C31020 /* SFMultipleDelegate.h */ = {isa = PBXFileReference; fileEncoding = 4; lastKnownFileType = sourcecode.c.h; path = SFMultipleDelegate.h; sourceTree = "<group>"; };
		1786AFE81F99E3BD0053E0FC /* SFForm.app */ = {isa = PBXFileReference; explicitFileType = wrapper.application; includeInIndex = 0; path = SFForm.app; sourceTree = BUILT_PRODUCTS_DIR; };
		1786AFEC1F99E3BD0053E0FC /* main.m */ = {isa = PBXFileReference; lastKnownFileType = sourcecode.c.objc; path = main.m; sourceTree = "<group>"; };
		1786AFEE1F99E3BD0053E0FC /* AppDelegate.h */ = {isa = PBXFileReference; lastKnownFileType = sourcecode.c.h; path = AppDelegate.h; sourceTree = "<group>"; };
		1786AFEF1F99E3BD0053E0FC /* AppDelegate.m */ = {isa = PBXFileReference; lastKnownFileType = sourcecode.c.objc; path = AppDelegate.m; sourceTree = "<group>"; };
		1786AFF51F99E3BD0053E0FC /* Base */ = {isa = PBXFileReference; lastKnownFileType = file.storyboard; name = Base; path = Base.lproj/Main.storyboard; sourceTree = "<group>"; };
		1786AFF71F99E3BD0053E0FC /* Assets.xcassets */ = {isa = PBXFileReference; lastKnownFileType = folder.assetcatalog; path = Assets.xcassets; sourceTree = "<group>"; };
		1786AFFA1F99E3BD0053E0FC /* Base */ = {isa = PBXFileReference; lastKnownFileType = file.storyboard; name = Base; path = Base.lproj/LaunchScreen.storyboard; sourceTree = "<group>"; };
		1786AFFC1F99E3BD0053E0FC /* Info.plist */ = {isa = PBXFileReference; lastKnownFileType = text.plist.xml; path = Info.plist; sourceTree = "<group>"; };
		1786B0211F99E3EB0053E0FC /* ViewController.h */ = {isa = PBXFileReference; fileEncoding = 4; lastKnownFileType = sourcecode.c.h; path = ViewController.h; sourceTree = "<group>"; };
		1786B0221F99E3EB0053E0FC /* ViewController.m */ = {isa = PBXFileReference; fileEncoding = 4; lastKnownFileType = sourcecode.c.objc; path = ViewController.m; sourceTree = "<group>"; };
		37513D310A98146FE689A03F /* Pods-SFForm.release.xcconfig */ = {isa = PBXFileReference; includeInIndex = 1; lastKnownFileType = text.xcconfig; name = "Pods-SFForm.release.xcconfig"; path = "Pods/Target Support Files/Pods-SFForm/Pods-SFForm.release.xcconfig"; sourceTree = "<group>"; };
		AEE8DFE8C802029972C5DC94 /* Pods-SFForm.debug.xcconfig */ = {isa = PBXFileReference; includeInIndex = 1; lastKnownFileType = text.xcconfig; name = "Pods-SFForm.debug.xcconfig"; path = "Pods/Target Support Files/Pods-SFForm/Pods-SFForm.debug.xcconfig"; sourceTree = "<group>"; };
		EBCE5B63958235D874FB004E /* libPods-SFForm.a */ = {isa = PBXFileReference; explicitFileType = archive.ar; includeInIndex = 0; path = "libPods-SFForm.a"; sourceTree = BUILT_PRODUCTS_DIR; };
/* End PBXFileReference section */

/* Begin PBXFrameworksBuildPhase section */
		1786AFE51F99E3BD0053E0FC /* Frameworks */ = {
			isa = PBXFrameworksBuildPhase;
			buildActionMask = 2147483647;
			files = (
				8C417BA3F3617DDE80BD2C67 /* libPods-SFForm.a in Frameworks */,
			);
			runOnlyForDeploymentPostprocessing = 0;
		};
/* End PBXFrameworksBuildPhase section */

/* Begin PBXGroup section */
		0A2207CBD7C9066FEEBCB3C6 /* Frameworks */ = {
			isa = PBXGroup;
			children = (
				EBCE5B63958235D874FB004E /* libPods-SFForm.a */,
			);
			name = Frameworks;
			sourceTree = "<group>";
		};
		1727B5811FD78F0400C31020 /* Class */ = {
			isa = PBXGroup;
			children = (
				1727B5821FD78F0400C31020 /* SFForm */,
				1727B5A01FD78F0400C31020 /* SFFormCollection */,
				1727B5A11FD78F0400C31020 /* SFFormTable */,
			);
			path = Class;
			sourceTree = "<group>";
		};
		1727B5821FD78F0400C31020 /* SFForm */ = {
			isa = PBXGroup;
			children = (
				1727B5D81FD7916500C31020 /* FDTemplateLayoutCell */,
				1727B5851FD78F0400C31020 /* Component */,
				1727B59F1FD78F0400C31020 /* SFForm.h */,
				1727B59B1FD78F0400C31020 /* SFFormItem.h */,
				1727B5841FD78F0400C31020 /* SFFormItem.m */,
				1727B59C1FD78F0400C31020 /* SFFormSection.h */,
				1727B5831FD78F0400C31020 /* SFFormSection.m */,
				1727B59E1FD78F0400C31020 /* SFFormManager.h */,
				1727B5991FD78F0400C31020 /* SFFormManager.m */,
				1727B5EC1FD7925D00C31020 /* SFMultipleDelegate.h */,
				1727B5EB1FD7925D00C31020 /* SFMultipleDelegate.m */,
				1727B59D1FD78F0400C31020 /* NSObject+SFAddForm.h */,
				1727B59A1FD78F0400C31020 /* NSObject+SFAddForm.m */,
			);
			path = SFForm;
			sourceTree = "<group>";
		};
		1727B5851FD78F0400C31020 /* Component */ = {
			isa = PBXGroup;
			children = (
				1727B5891FD78F0400C31020 /* SFFormAssemblyPartProtocol.h */,
				1727B5931FD78F0400C31020 /* SFFormAssemblyLayoutProtocol.h */,
				1727B5871FD78F0400C31020 /* SFFormViewComponent.m */,
				1727B5901FD78F0400C31020 /* SFFormViewComponent.h */,
				1727B58C1FD78F0400C31020 /* SFFormLabelComponent.h */,
				1727B5971FD78F0400C31020 /* SFFormLabelComponent.m */,
				1727B58E1FD78F0400C31020 /* SFFormYYLabelComponent.h */,
				1727B5981FD78F0400C31020 /* SFFormYYLabelComponent.m */,
				1727B58D1FD78F0400C31020 /* SFFormImageViewComponent.h */,
				1727B5961FD78F0400C31020 /* SFFormImageViewComponent.m */,
				1727B58A1FD78F0400C31020 /* SFFormControlComponent.h */,
				1727B5951FD78F0400C31020 /* SFFormControlComponent.m */,
				1727B5881FD78F0400C31020 /* SFFormButtonComponent.m */,
				1727B5911FD78F0400C31020 /* SFFormButtonComponent.h */,
				1727B5921FD78F0400C31020 /* SFFormTextFieldComponent.h */,
				1727B5861FD78F0400C31020 /* SFFormTextFieldComponent.m */,
				1727B58B1FD78F0400C31020 /* UIView+SFAddComponent.m */,
				1727B5941FD78F0400C31020 /* UIView+SFAddComponent.h */,
			);
			path = Component;
			sourceTree = "<group>";
		};
		1727B5A01FD78F0400C31020 /* SFFormCollection */ = {
			isa = PBXGroup;
			children = (
			);
			path = SFFormCollection;
			sourceTree = "<group>";
		};
		1727B5A11FD78F0400C31020 /* SFFormTable */ = {
			isa = PBXGroup;
			children = (
				1727B5A61FD78F0400C31020 /* Assembly */,
				1727B5B91FD78F0400C31020 /* SFFormTableItem.h */,
				1727B5A51FD78F0400C31020 /* SFFormTableItem.m */,
				1727B5B21FD78F0400C31020 /* SFFormTableSection.h */,
				1727B5BC1FD78F0400C31020 /* SFFormTableSection.m */,
				1727B5B11FD78F0400C31020 /* SFFormTableManager.h */,
				1727B5BA1FD78F0400C31020 /* SFFormTableManager.m */,
				1727B5BB1FD78F0400C31020 /* SFFormTableHeaderFooterView.h */,
				1727B5B31FD78F0400C31020 /* SFFormTableHeaderFooterView.m */,
				1727B5D51FD7914A00C31020 /* UITableView+SFAdd.h */,
				1727B5D61FD7914A00C31020 /* UITableView+SFAdd.m */,
				1727B5A31FD78F0400C31020 /* UITableView+SFAddForm.h */,
				1727B5B71FD78F0400C31020 /* UITableView+SFAddForm.m */,
				1727B5B81FD78F0400C31020 /* UITableViewCell+SFAddForm.m */,
				1727B5A21FD78F0400C31020 /* UITableViewCell+SFAddForm.h */,
				1727B5A41FD78F0400C31020 /* UITableViewHeaderFooterView+SFAddForm.h */,
				1727B5B61FD78F0400C31020 /* UITableViewHeaderFooterView+SFAddForm.m */,
			);
			path = SFFormTable;
			sourceTree = "<group>";
		};
		1727B5A61FD78F0400C31020 /* Assembly */ = {
			isa = PBXGroup;
			children = (
				1727B5A91FD78F0400C31020 /* Normal */,
				1727B5B01FD78F0400C31020 /* SFFormTableAssemblyItem.h */,
				1727B5A71FD78F0400C31020 /* SFFormTableAssemblyItem.m */,
				1727B5AF1FD78F0400C31020 /* SFFormTableAssemblyCell.h */,
				1727B5A81FD78F0400C31020 /* SFFormTableAssemblyCell.m */,
			);
			path = Assembly;
			sourceTree = "<group>";
		};
		1727B5A91FD78F0400C31020 /* Normal */ = {
			isa = PBXGroup;
			children = (
				1727B5AC1FD78F0400C31020 /* SFFormAssemblyNormalProtocol.h */,
				1727B5AB1FD78F0400C31020 /* SFFormTableNormalItem.h */,
				1727B5AE1FD78F0400C31020 /* SFFormTableNormalItem.m */,
				1727B5AD1FD78F0400C31020 /* SFFormAssemblyNormalLayout.h */,
				1727B5AA1FD78F0400C31020 /* SFFormAssemblyNormalLayout.m */,
			);
			path = Normal;
			sourceTree = "<group>";
		};
		1727B5D81FD7916500C31020 /* FDTemplateLayoutCell */ = {
			isa = PBXGroup;
			children = (
				1727B5D91FD791A600C31020 /* UITableView+FDTemplateLayoutCell */,
			);
			path = FDTemplateLayoutCell;
			sourceTree = "<group>";
		};
		1727B5D91FD791A600C31020 /* UITableView+FDTemplateLayoutCell */ = {
			isa = PBXGroup;
			children = (
				1727B5DA1FD791A600C31020 /* LICENSE */,
				1727B5DB1FD791A600C31020 /* Classes */,
				1727B5E41FD791A600C31020 /* README.md */,
			);
			path = "UITableView+FDTemplateLayoutCell";
			sourceTree = "<group>";
		};
		1727B5DB1FD791A600C31020 /* Classes */ = {
			isa = PBXGroup;
			children = (
				1727B5DC1FD791A600C31020 /* UITableView+FDKeyedHeightCache.h */,
				1727B5DD1FD791A600C31020 /* UITableView+FDTemplateLayoutCellDebug.h */,
				1727B5DE1FD791A600C31020 /* UITableView+FDTemplateLayoutCell.m */,
				1727B5DF1FD791A600C31020 /* UITableView+FDIndexPathHeightCache.h */,
				1727B5E01FD791A600C31020 /* UITableView+FDKeyedHeightCache.m */,
				1727B5E11FD791A600C31020 /* UITableView+FDTemplateLayoutCellDebug.m */,
				1727B5E21FD791A600C31020 /* UITableView+FDIndexPathHeightCache.m */,
				1727B5E31FD791A600C31020 /* UITableView+FDTemplateLayoutCell.h */,
			);
			path = Classes;
			sourceTree = "<group>";
		};
		1786AFDF1F99E3BD0053E0FC = {
			isa = PBXGroup;
			children = (
				1786AFEA1F99E3BD0053E0FC /* SFForm */,
				1786AFE91F99E3BD0053E0FC /* Products */,
				29A8E25263557B934C7B8B24 /* Pods */,
				0A2207CBD7C9066FEEBCB3C6 /* Frameworks */,
			);
			sourceTree = "<group>";
		};
		1786AFE91F99E3BD0053E0FC /* Products */ = {
			isa = PBXGroup;
			children = (
				1786AFE81F99E3BD0053E0FC /* SFForm.app */,
			);
			name = Products;
			sourceTree = "<group>";
		};
		1786AFEA1F99E3BD0053E0FC /* SFForm */ = {
			isa = PBXGroup;
			children = (
				1727B5811FD78F0400C31020 /* Class */,
				1786B0211F99E3EB0053E0FC /* ViewController.h */,
				1786B0221F99E3EB0053E0FC /* ViewController.m */,
				1786AFEE1F99E3BD0053E0FC /* AppDelegate.h */,
				1786AFEF1F99E3BD0053E0FC /* AppDelegate.m */,
				1786AFF41F99E3BD0053E0FC /* Main.storyboard */,
				1786AFF71F99E3BD0053E0FC /* Assets.xcassets */,
				1786AFF91F99E3BD0053E0FC /* LaunchScreen.storyboard */,
				1786AFFC1F99E3BD0053E0FC /* Info.plist */,
				1786AFEB1F99E3BD0053E0FC /* Supporting Files */,
			);
			path = SFForm;
			sourceTree = "<group>";
		};
		1786AFEB1F99E3BD0053E0FC /* Supporting Files */ = {
			isa = PBXGroup;
			children = (
				1786AFEC1F99E3BD0053E0FC /* main.m */,
			);
			name = "Supporting Files";
			sourceTree = "<group>";
		};
		29A8E25263557B934C7B8B24 /* Pods */ = {
			isa = PBXGroup;
			children = (
				AEE8DFE8C802029972C5DC94 /* Pods-SFForm.debug.xcconfig */,
				37513D310A98146FE689A03F /* Pods-SFForm.release.xcconfig */,
			);
			name = Pods;
			sourceTree = "<group>";
		};
/* End PBXGroup section */

/* Begin PBXNativeTarget section */
		1786AFE71F99E3BD0053E0FC /* SFForm */ = {
			isa = PBXNativeTarget;
			buildConfigurationList = 1786AFFF1F99E3BD0053E0FC /* Build configuration list for PBXNativeTarget "SFForm" */;
			buildPhases = (
				DD504A8D2905E8634990ED4F /* [CP] Check Pods Manifest.lock */,
				1786AFE41F99E3BD0053E0FC /* Sources */,
				1786AFE51F99E3BD0053E0FC /* Frameworks */,
				1786AFE61F99E3BD0053E0FC /* Resources */,
				26A93B25E1F22C2F260825E1 /* [CP] Embed Pods Frameworks */,
				DEC0DB56B2212FD2F5EB6096 /* [CP] Copy Pods Resources */,
			);
			buildRules = (
			);
			dependencies = (
			);
			name = SFForm;
			productName = SFForm;
			productReference = 1786AFE81F99E3BD0053E0FC /* SFForm.app */;
			productType = "com.apple.product-type.application";
		};
/* End PBXNativeTarget section */

/* Begin PBXProject section */
		1786AFE01F99E3BD0053E0FC /* Project object */ = {
			isa = PBXProject;
			attributes = {
				LastUpgradeCheck = 0900;
				ORGANIZATIONNAME = YunSL;
				TargetAttributes = {
					1786AFE71F99E3BD0053E0FC = {
						CreatedOnToolsVersion = 8.2.1;
						ProvisioningStyle = Automatic;
					};
				};
			};
			buildConfigurationList = 1786AFE31F99E3BD0053E0FC /* Build configuration list for PBXProject "SFForm" */;
			compatibilityVersion = "Xcode 3.2";
			developmentRegion = English;
			hasScannedForEncodings = 0;
			knownRegions = (
				en,
				Base,
			);
			mainGroup = 1786AFDF1F99E3BD0053E0FC;
			productRefGroup = 1786AFE91F99E3BD0053E0FC /* Products */;
			projectDirPath = "";
			projectRoot = "";
			targets = (
				1786AFE71F99E3BD0053E0FC /* SFForm */,
			);
		};
/* End PBXProject section */

/* Begin PBXResourcesBuildPhase section */
		1786AFE61F99E3BD0053E0FC /* Resources */ = {
			isa = PBXResourcesBuildPhase;
			buildActionMask = 2147483647;
			files = (
				1786AFFB1F99E3BD0053E0FC /* LaunchScreen.storyboard in Resources */,
				1786AFF81F99E3BD0053E0FC /* Assets.xcassets in Resources */,
				1727B5EA1FD791A600C31020 /* README.md in Resources */,
				1727B5E51FD791A600C31020 /* LICENSE in Resources */,
				1786AFF61F99E3BD0053E0FC /* Main.storyboard in Resources */,
			);
			runOnlyForDeploymentPostprocessing = 0;
		};
/* End PBXResourcesBuildPhase section */

/* Begin PBXShellScriptBuildPhase section */
		26A93B25E1F22C2F260825E1 /* [CP] Embed Pods Frameworks */ = {
			isa = PBXShellScriptBuildPhase;
			buildActionMask = 2147483647;
			files = (
			);
			inputPaths = (
			);
			name = "[CP] Embed Pods Frameworks";
			outputPaths = (
			);
			runOnlyForDeploymentPostprocessing = 0;
			shellPath = /bin/sh;
			shellScript = "\"${SRCROOT}/Pods/Target Support Files/Pods-SFForm/Pods-SFForm-frameworks.sh\"\n";
			showEnvVarsInLog = 0;
		};
		DD504A8D2905E8634990ED4F /* [CP] Check Pods Manifest.lock */ = {
			isa = PBXShellScriptBuildPhase;
			buildActionMask = 2147483647;
			files = (
			);
			inputPaths = (
				"${PODS_PODFILE_DIR_PATH}/Podfile.lock",
				"${PODS_ROOT}/Manifest.lock",
			);
			name = "[CP] Check Pods Manifest.lock";
			outputPaths = (
				"$(DERIVED_FILE_DIR)/Pods-SFForm-checkManifestLockResult.txt",
			);
			runOnlyForDeploymentPostprocessing = 0;
			shellPath = /bin/sh;
			shellScript = "diff \"${PODS_PODFILE_DIR_PATH}/Podfile.lock\" \"${PODS_ROOT}/Manifest.lock\" > /dev/null\nif [ $? != 0 ] ; then\n    # print error to STDERR\n    echo \"error: The sandbox is not in sync with the Podfile.lock. Run 'pod install' or update your CocoaPods installation.\" >&2\n    exit 1\nfi\n# This output is used by Xcode 'outputs' to avoid re-running this script phase.\necho \"SUCCESS\" > \"${SCRIPT_OUTPUT_FILE_0}\"\n";
			showEnvVarsInLog = 0;
		};
		DEC0DB56B2212FD2F5EB6096 /* [CP] Copy Pods Resources */ = {
			isa = PBXShellScriptBuildPhase;
			buildActionMask = 2147483647;
			files = (
			);
			inputPaths = (
			);
			name = "[CP] Copy Pods Resources";
			outputPaths = (
			);
			runOnlyForDeploymentPostprocessing = 0;
			shellPath = /bin/sh;
			shellScript = "\"${SRCROOT}/Pods/Target Support Files/Pods-SFForm/Pods-SFForm-resources.sh\"\n";
			showEnvVarsInLog = 0;
		};
/* End PBXShellScriptBuildPhase section */

/* Begin PBXSourcesBuildPhase section */
		1786AFE41F99E3BD0053E0FC /* Sources */ = {
			isa = PBXSourcesBuildPhase;
			buildActionMask = 2147483647;
			files = (
				1727B5CF1FD78F0400C31020 /* SFFormTableHeaderFooterView.m in Sources */,
				1727B5CB1FD78F0400C31020 /* SFFormTableAssemblyItem.m in Sources */,
				1727B5E61FD791A600C31020 /* UITableView+FDTemplateLayoutCell.m in Sources */,
				1727B5ED1FD7925D00C31020 /* SFMultipleDelegate.m in Sources */,
				1727B5BF1FD78F0400C31020 /* SFFormTextFieldComponent.m in Sources */,
				1727B5C81FD78F0400C31020 /* SFFormManager.m in Sources */,
				1727B5BD1FD78F0400C31020 /* SFFormSection.m in Sources */,
				1727B5C61FD78F0400C31020 /* SFFormLabelComponent.m in Sources */,
				1727B5D01FD78F0400C31020 /* UITableViewHeaderFooterView+SFAddForm.m in Sources */,
				1727B5D31FD78F0400C31020 /* SFFormTableManager.m in Sources */,
				1727B5C41FD78F0400C31020 /* SFFormControlComponent.m in Sources */,
				1727B5CC1FD78F0400C31020 /* SFFormTableAssemblyCell.m in Sources */,
				1727B5C71FD78F0400C31020 /* SFFormYYLabelComponent.m in Sources */,
				1786B0321F99E3EB0053E0FC /* ViewController.m in Sources */,
				1727B5C91FD78F0400C31020 /* NSObject+SFAddForm.m in Sources */,
				1727B5BE1FD78F0400C31020 /* SFFormItem.m in Sources */,
				1727B5CA1FD78F0400C31020 /* SFFormTableItem.m in Sources */,
				1786AFF01F99E3BD0053E0FC /* AppDelegate.m in Sources */,
				1727B5C51FD78F0400C31020 /* SFFormImageViewComponent.m in Sources */,
				1727B5CD1FD78F0400C31020 /* SFFormAssemblyNormalLayout.m in Sources */,
				1727B5D21FD78F0400C31020 /* UITableViewCell+SFAddForm.m in Sources */,
				1786AFED1F99E3BD0053E0FC /* main.m in Sources */,
				1727B5C11FD78F0400C31020 /* SFFormButtonComponent.m in Sources */,
				1727B5E91FD791A600C31020 /* UITableView+FDIndexPathHeightCache.m in Sources */,
				1727B5D11FD78F0400C31020 /* UITableView+SFAddForm.m in Sources */,
				1727B5E71FD791A600C31020 /* UITableView+FDKeyedHeightCache.m in Sources */,
				1727B5D41FD78F0400C31020 /* SFFormTableSection.m in Sources */,
				1727B5D71FD7914A00C31020 /* UITableView+SFAdd.m in Sources */,
				1727B5C01FD78F0400C31020 /* SFFormViewComponent.m in Sources */,
				1727B5C21FD78F0400C31020 /* UIView+SFAddComponent.m in Sources */,
				1727B5CE1FD78F0400C31020 /* SFFormTableNormalItem.m in Sources */,
				1727B5E81FD791A600C31020 /* UITableView+FDTemplateLayoutCellDebug.m in Sources */,
			);
			runOnlyForDeploymentPostprocessing = 0;
		};
/* End PBXSourcesBuildPhase section */

/* Begin PBXVariantGroup section */
		1786AFF41F99E3BD0053E0FC /* Main.storyboard */ = {
			isa = PBXVariantGroup;
			children = (
				1786AFF51F99E3BD0053E0FC /* Base */,
			);
			name = Main.storyboard;
			sourceTree = "<group>";
		};
		1786AFF91F99E3BD0053E0FC /* LaunchScreen.storyboard */ = {
			isa = PBXVariantGroup;
			children = (
				1786AFFA1F99E3BD0053E0FC /* Base */,
			);
			name = LaunchScreen.storyboard;
			sourceTree = "<group>";
		};
/* End PBXVariantGroup section */

/* Begin XCBuildConfiguration section */
		1786AFFD1F99E3BD0053E0FC /* Debug */ = {
			isa = XCBuildConfiguration;
			buildSettings = {
				ALWAYS_SEARCH_USER_PATHS = NO;
				CLANG_ANALYZER_NONNULL = YES;
				CLANG_CXX_LANGUAGE_STANDARD = "gnu++0x";
				CLANG_CXX_LIBRARY = "libc++";
				CLANG_ENABLE_MODULES = YES;
				CLANG_ENABLE_OBJC_ARC = YES;
				CLANG_WARN_BLOCK_CAPTURE_AUTORELEASING = YES;
				CLANG_WARN_BOOL_CONVERSION = YES;
				CLANG_WARN_COMMA = YES;
				CLANG_WARN_CONSTANT_CONVERSION = YES;
				CLANG_WARN_DIRECT_OBJC_ISA_USAGE = YES_ERROR;
				CLANG_WARN_DOCUMENTATION_COMMENTS = YES;
				CLANG_WARN_EMPTY_BODY = YES;
				CLANG_WARN_ENUM_CONVERSION = YES;
				CLANG_WARN_INFINITE_RECURSION = YES;
				CLANG_WARN_INT_CONVERSION = YES;
				CLANG_WARN_NON_LITERAL_NULL_CONVERSION = YES;
				CLANG_WARN_OBJC_LITERAL_CONVERSION = YES;
				CLANG_WARN_OBJC_ROOT_CLASS = YES_ERROR;
				CLANG_WARN_RANGE_LOOP_ANALYSIS = YES;
				CLANG_WARN_STRICT_PROTOTYPES = YES;
				CLANG_WARN_SUSPICIOUS_MOVE = YES;
				CLANG_WARN_UNREACHABLE_CODE = YES;
				CLANG_WARN__DUPLICATE_METHOD_MATCH = YES;
				"CODE_SIGN_IDENTITY[sdk=iphoneos*]" = "iPhone Developer";
				COPY_PHASE_STRIP = NO;
				DEBUG_INFORMATION_FORMAT = dwarf;
				ENABLE_STRICT_OBJC_MSGSEND = YES;
				ENABLE_TESTABILITY = YES;
				GCC_C_LANGUAGE_STANDARD = gnu99;
				GCC_DYNAMIC_NO_PIC = NO;
				GCC_NO_COMMON_BLOCKS = YES;
				GCC_OPTIMIZATION_LEVEL = 0;
				GCC_PREPROCESSOR_DEFINITIONS = (
					"DEBUG=1",
					"$(inherited)",
				);
				GCC_WARN_64_TO_32_BIT_CONVERSION = YES;
				GCC_WARN_ABOUT_RETURN_TYPE = YES_ERROR;
				GCC_WARN_UNDECLARED_SELECTOR = YES;
				GCC_WARN_UNINITIALIZED_AUTOS = YES_AGGRESSIVE;
				GCC_WARN_UNUSED_FUNCTION = YES;
				GCC_WARN_UNUSED_VARIABLE = YES;
				IPHONEOS_DEPLOYMENT_TARGET = 10.2;
				MTL_ENABLE_DEBUG_INFO = YES;
				ONLY_ACTIVE_ARCH = YES;
				SDKROOT = iphoneos;
				TARGETED_DEVICE_FAMILY = "1,2";
			};
			name = Debug;
		};
		1786AFFE1F99E3BD0053E0FC /* Release */ = {
			isa = XCBuildConfiguration;
			buildSettings = {
				ALWAYS_SEARCH_USER_PATHS = NO;
				CLANG_ANALYZER_NONNULL = YES;
				CLANG_CXX_LANGUAGE_STANDARD = "gnu++0x";
				CLANG_CXX_LIBRARY = "libc++";
				CLANG_ENABLE_MODULES = YES;
				CLANG_ENABLE_OBJC_ARC = YES;
				CLANG_WARN_BLOCK_CAPTURE_AUTORELEASING = YES;
				CLANG_WARN_BOOL_CONVERSION = YES;
				CLANG_WARN_COMMA = YES;
				CLANG_WARN_CONSTANT_CONVERSION = YES;
				CLANG_WARN_DIRECT_OBJC_ISA_USAGE = YES_ERROR;
				CLANG_WARN_DOCUMENTATION_COMMENTS = YES;
				CLANG_WARN_EMPTY_BODY = YES;
				CLANG_WARN_ENUM_CONVERSION = YES;
				CLANG_WARN_INFINITE_RECURSION = YES;
				CLANG_WARN_INT_CONVERSION = YES;
				CLANG_WARN_NON_LITERAL_NULL_CONVERSION = YES;
				CLANG_WARN_OBJC_LITERAL_CONVERSION = YES;
				CLANG_WARN_OBJC_ROOT_CLASS = YES_ERROR;
				CLANG_WARN_RANGE_LOOP_ANALYSIS = YES;
				CLANG_WARN_STRICT_PROTOTYPES = YES;
				CLANG_WARN_SUSPICIOUS_MOVE = YES;
				CLANG_WARN_UNREACHABLE_CODE = YES;
				CLANG_WARN__DUPLICATE_METHOD_MATCH = YES;
				"CODE_SIGN_IDENTITY[sdk=iphoneos*]" = "iPhone Developer";
				COPY_PHASE_STRIP = NO;
				DEBUG_INFORMATION_FORMAT = "dwarf-with-dsym";
				ENABLE_NS_ASSERTIONS = NO;
				ENABLE_STRICT_OBJC_MSGSEND = YES;
				GCC_C_LANGUAGE_STANDARD = gnu99;
				GCC_NO_COMMON_BLOCKS = YES;
				GCC_WARN_64_TO_32_BIT_CONVERSION = YES;
				GCC_WARN_ABOUT_RETURN_TYPE = YES_ERROR;
				GCC_WARN_UNDECLARED_SELECTOR = YES;
				GCC_WARN_UNINITIALIZED_AUTOS = YES_AGGRESSIVE;
				GCC_WARN_UNUSED_FUNCTION = YES;
				GCC_WARN_UNUSED_VARIABLE = YES;
				IPHONEOS_DEPLOYMENT_TARGET = 10.2;
				MTL_ENABLE_DEBUG_INFO = NO;
				SDKROOT = iphoneos;
				TARGETED_DEVICE_FAMILY = "1,2";
				VALIDATE_PRODUCT = YES;
			};
			name = Release;
		};
		1786B0001F99E3BD0053E0FC /* Debug */ = {
			isa = XCBuildConfiguration;
			baseConfigurationReference = AEE8DFE8C802029972C5DC94 /* Pods-SFForm.debug.xcconfig */;
			buildSettings = {
				ASSETCATALOG_COMPILER_APPICON_NAME = AppIcon;
				INFOPLIST_FILE = SFForm/Info.plist;
				LD_RUNPATH_SEARCH_PATHS = "$(inherited) @executable_path/Frameworks";
				PRODUCT_BUNDLE_IDENTIFIER = com.YunSL.SFForm;
				PRODUCT_NAME = "$(TARGET_NAME)";
			};
			name = Debug;
		};
		1786B0011F99E3BD0053E0FC /* Release */ = {
			isa = XCBuildConfiguration;
			baseConfigurationReference = 37513D310A98146FE689A03F /* Pods-SFForm.release.xcconfig */;
			buildSettings = {
				ASSETCATALOG_COMPILER_APPICON_NAME = AppIcon;
				INFOPLIST_FILE = SFForm/Info.plist;
				LD_RUNPATH_SEARCH_PATHS = "$(inherited) @executable_path/Frameworks";
				PRODUCT_BUNDLE_IDENTIFIER = com.YunSL.SFForm;
				PRODUCT_NAME = "$(TARGET_NAME)";
			};
			name = Release;
		};
/* End XCBuildConfiguration section */

/* Begin XCConfigurationList section */
		1786AFE31F99E3BD0053E0FC /* Build configuration list for PBXProject "SFForm" */ = {
			isa = XCConfigurationList;
			buildConfigurations = (
				1786AFFD1F99E3BD0053E0FC /* Debug */,
				1786AFFE1F99E3BD0053E0FC /* Release */,
			);
			defaultConfigurationIsVisible = 0;
			defaultConfigurationName = Release;
		};
		1786AFFF1F99E3BD0053E0FC /* Build configuration list for PBXNativeTarget "SFForm" */ = {
			isa = XCConfigurationList;
			buildConfigurations = (
				1786B0001F99E3BD0053E0FC /* Debug */,
				1786B0011F99E3BD0053E0FC /* Release */,
			);
			defaultConfigurationIsVisible = 0;
			defaultConfigurationName = Release;
		};
/* End XCConfigurationList section */
	};
	rootObject = 1786AFE01F99E3BD0053E0FC /* Project object */;
}
